// !$*UTF8*$!
{
	archiveVersion = 1;
	classes = {
	};
	objectVersion = 77;
	objects = {

/* Begin PBXContainerItemProxy section */
		D47184A72EA82DF500C8023D /* PBXContainerItemProxy */ = {
			isa = PBXContainerItemProxy;
			containerPortal = D47184912EA82DF400C8023D /* Project object */;
			proxyType = 1;
			remoteGlobalIDString = D47184982EA82DF400C8023D;
			remoteInfo = Midterm_JoshuaHolmberg;
		};
		D47184B12EA82DF500C8023D /* PBXContainerItemProxy */ = {
			isa = PBXContainerItemProxy;
			containerPortal = D47184912EA82DF400C8023D /* Project object */;
			proxyType = 1;
			remoteGlobalIDString = D47184982EA82DF400C8023D;
			remoteInfo = Midterm_JoshuaHolmberg;
		};
/* End PBXContainerItemProxy section */

/* Begin PBXFileReference section */
		D47184992EA82DF400C8023D /* Midterm_JoshuaHolmberg.app */ = {isa = PBXFileReference; explicitFileType = wrapper.application; includeInIndex = 0; path = Midterm_JoshuaHolmberg.app; sourceTree = BUILT_PRODUCTS_DIR; };
		D47184A62EA82DF500C8023D /* Midterm_JoshuaHolmbergTests.xctest */ = {isa = PBXFileReference; explicitFileType = wrapper.cfbundle; includeInIndex = 0; path = Midterm_JoshuaHolmbergTests.xctest; sourceTree = BUILT_PRODUCTS_DIR; };
		D47184B02EA82DF500C8023D /* Midterm_JoshuaHolmbergUITests.xctest */ = {isa = PBXFileReference; explicitFileType = wrapper.cfbundle; includeInIndex = 0; path = Midterm_JoshuaHolmbergUITests.xctest; sourceTree = BUILT_PRODUCTS_DIR; };
/* End PBXFileReference section */

/* Begin PBXFileSystemSynchronizedRootGroup section */
		D471849B2EA82DF400C8023D /* Midterm_JoshuaHolmberg */ = {
			isa = PBXFileSystemSynchronizedRootGroup;
			path = Midterm_JoshuaHolmberg;
			sourceTree = "<group>";
		};
		D47184A92EA82DF500C8023D /* Midterm_JoshuaHolmbergTests */ = {
			isa = PBXFileSystemSynchronizedRootGroup;
			path = Midterm_JoshuaHolmbergTests;
			sourceTree = "<group>";
		};
		D47184B32EA82DF500C8023D /* Midterm_JoshuaHolmbergUITests */ = {
			isa = PBXFileSystemSynchronizedRootGroup;
			path = Midterm_JoshuaHolmbergUITests;
			sourceTree = "<group>";
		};
/* End PBXFileSystemSynchronizedRootGroup section */

/* Begin PBXFrameworksBuildPhase section */
		D47184962EA82DF400C8023D /* Frameworks */ = {
			isa = PBXFrameworksBuildPhase;
			buildActionMask = 2147483647;
			files = (
			);
			runOnlyForDeploymentPostprocessing = 0;
		};
		D47184A32EA82DF500C8023D /* Frameworks */ = {
			isa = PBXFrameworksBuildPhase;
			buildActionMask = 2147483647;
			files = (
			);
			runOnlyForDeploymentPostprocessing = 0;
		};
		D47184AD2EA82DF500C8023D /* Frameworks */ = {
			isa = PBXFrameworksBuildPhase;
			buildActionMask = 2147483647;
			files = (
			);
			runOnlyForDeploymentPostprocessing = 0;
		};
/* End PBXFrameworksBuildPhase section */

/* Begin PBXGroup section */
		D47184902EA82DF400C8023D = {
			isa = PBXGroup;
			children = (
				D471849B2EA82DF400C8023D /* Midterm_JoshuaHolmberg */,
				D47184A92EA82DF500C8023D /* Midterm_JoshuaHolmbergTests */,
				D47184B32EA82DF500C8023D /* Midterm_JoshuaHolmbergUITests */,
				D471849A2EA82DF400C8023D /* Products */,
			);
			sourceTree = "<group>";
		};
		D471849A2EA82DF400C8023D /* Products */ = {
			isa = PBXGroup;
			children = (
				D47184992EA82DF400C8023D /* Midterm_JoshuaHolmberg.app */,
				D47184A62EA82DF500C8023D /* Midterm_JoshuaHolmbergTests.xctest */,
				D47184B02EA82DF500C8023D /* Midterm_JoshuaHolmbergUITests.xctest */,
			);
			name = Products;
			sourceTree = "<group>";
		};
/* End PBXGroup section */

/* Begin PBXNativeTarget section */
		D47184982EA82DF400C8023D /* Midterm_JoshuaHolmberg */ = {
			isa = PBXNativeTarget;
			buildConfigurationList = D47184BA2EA82DF500C8023D /* Build configuration list for PBXNativeTarget "Midterm_JoshuaHolmberg" */;
			buildPhases = (
				D47184952EA82DF400C8023D /* Sources */,
				D47184962EA82DF400C8023D /* Frameworks */,
				D47184972EA82DF400C8023D /* Resources */,
			);
			buildRules = (
			);
			dependencies = (
			);
			fileSystemSynchronizedGroups = (
				D471849B2EA82DF400C8023D /* Midterm_JoshuaHolmberg */,
			);
			name = Midterm_JoshuaHolmberg;
			packageProductDependencies = (
			);
			productName = Midterm_JoshuaHolmberg;
			productReference = D47184992EA82DF400C8023D /* Midterm_JoshuaHolmberg.app */;
			productType = "com.apple.product-type.application";
		};
		D47184A52EA82DF500C8023D /* Midterm_JoshuaHolmbergTests */ = {
			isa = PBXNativeTarget;
			buildConfigurationList = D47184BD2EA82DF500C8023D /* Build configuration list for PBXNativeTarget "Midterm_JoshuaHolmbergTests" */;
			buildPhases = (
				D47184A22EA82DF500C8023D /* Sources */,
				D47184A32EA82DF500C8023D /* Frameworks */,
				D47184A42EA82DF500C8023D /* Resources */,
			);
			buildRules = (
			);
			dependencies = (
				D47184A82EA82DF500C8023D /* PBXTargetDependency */,
			);
			fileSystemSynchronizedGroups = (
				D47184A92EA82DF500C8023D /* Midterm_JoshuaHolmbergTests */,
			);
			name = Midterm_JoshuaHolmbergTests;
			packageProductDependencies = (
			);
			productName = Midterm_JoshuaHolmbergTests;
			productReference = D47184A62EA82DF500C8023D /* Midterm_JoshuaHolmbergTests.xctest */;
			productType = "com.apple.product-type.bundle.unit-test";
		};
		D47184AF2EA82DF500C8023D /* Midterm_JoshuaHolmbergUITests */ = {
			isa = PBXNativeTarget;
			buildConfigurationList = D47184C02EA82DF500C8023D /* Build configuration list for PBXNativeTarget "Midterm_JoshuaHolmbergUITests" */;
			buildPhases = (
				D47184AC2EA82DF500C8023D /* Sources */,
				D47184AD2EA82DF500C8023D /* Frameworks */,
				D47184AE2EA82DF500C8023D /* Resources */,
			);
			buildRules = (
			);
			dependencies = (
				D47184B22EA82DF500C8023D /* PBXTargetDependency */,
			);
			fileSystemSynchronizedGroups = (
				D47184B32EA82DF500C8023D /* Midterm_JoshuaHolmbergUITests */,
			);
			name = Midterm_JoshuaHolmbergUITests;
			packageProductDependencies = (
			);
			productName = Midterm_JoshuaHolmbergUITests;
			productReference = D47184B02EA82DF500C8023D /* Midterm_JoshuaHolmbergUITests.xctest */;
			productType = "com.apple.product-type.bundle.ui-testing";
		};
/* End PBXNativeTarget section */

/* Begin PBXProject section */
		D47184912EA82DF400C8023D /* Project object */ = {
			isa = PBXProject;
			attributes = {
				BuildIndependentTargetsInParallel = 1;
				LastSwiftUpdateCheck = 1640;
				LastUpgradeCheck = 1640;
				TargetAttributes = {
					D47184982EA82DF400C8023D = {
						CreatedOnToolsVersion = 16.4;
					};
					D47184A52EA82DF500C8023D = {
						CreatedOnToolsVersion = 16.4;
						TestTargetID = D47184982EA82DF400C8023D;
					};
					D47184AF2EA82DF500C8023D = {
						CreatedOnToolsVersion = 16.4;
						TestTargetID = D47184982EA82DF400C8023D;
					};
				};
			};
			buildConfigurationList = D47184942EA82DF400C8023D /* Build configuration list for PBXProject "Midterm_JoshuaHolmberg" */;
			developmentRegion = en;
			hasScannedForEncodings = 0;
			knownRegions = (
				en,
				Base,
			);
			mainGroup = D47184902EA82DF400C8023D;
			minimizedProjectReferenceProxies = 1;
			preferredProjectObjectVersion = 77;
			productRefGroup = D471849A2EA82DF400C8023D /* Products */;
			projectDirPath = "";
			projectRoot = "";
			targets = (
				D47184982EA82DF400C8023D /* Midterm_JoshuaHolmberg */,
				D47184A52EA82DF500C8023D /* Midterm_JoshuaHolmbergTests */,
				D47184AF2EA82DF500C8023D /* Midterm_JoshuaHolmbergUITests */,
			);
		};
/* End PBXProject section */

/* Begin PBXResourcesBuildPhase section */
		D47184972EA82DF400C8023D /* Resources */ = {
			isa = PBXResourcesBuildPhase;
			buildActionMask = 2147483647;
			files = (
			);
			runOnlyForDeploymentPostprocessing = 0;
		};
		D47184A42EA82DF500C8023D /* Resources */ = {
			isa = PBXResourcesBuildPhase;
			buildActionMask = 2147483647;
			files = (
			);
			runOnlyForDeploymentPostprocessing = 0;
		};
		D47184AE2EA82DF500C8023D /* Resources */ = {
			isa = PBXResourcesBuildPhase;
			buildActionMask = 2147483647;
			files = (
			);
			runOnlyForDeploymentPostprocessing = 0;
		};
/* End PBXResourcesBuildPhase section */

/* Begin PBXSourcesBuildPhase section */
		D47184952EA82DF400C8023D /* Sources */ = {
			isa = PBXSourcesBuildPhase;
			buildActionMask = 2147483647;
			files = (
			);
			runOnlyForDeploymentPostprocessing = 0;
		};
		D47184A22EA82DF500C8023D /* Sources */ = {
			isa = PBXSourcesBuildPhase;
			buildActionMask = 2147483647;
			files = (
			);
			runOnlyForDeploymentPostprocessing = 0;
		};
		D47184AC2EA82DF500C8023D /* Sources */ = {
			isa = PBXSourcesBuildPhase;
			buildActionMask = 2147483647;
			files = (
			);
			runOnlyForDeploymentPostprocessing = 0;
		};
/* End PBXSourcesBuildPhase section */

/* Begin PBXTargetDependency section */
		D47184A82EA82DF500C8023D /* PBXTargetDependency */ = {
			isa = PBXTargetDependency;
			target = D47184982EA82DF400C8023D /* Midterm_JoshuaHolmberg */;
			targetProxy = D47184A72EA82DF500C8023D /* PBXContainerItemProxy */;
		};
		D47184B22EA82DF500C8023D /* PBXTargetDependency */ = {
			isa = PBXTargetDependency;
			target = D47184982EA82DF400C8023D /* Midterm_JoshuaHolmberg */;
			targetProxy = D47184B12EA82DF500C8023D /* PBXContainerItemProxy */;
		};
/* End PBXTargetDependency section */

/* Begin XCBuildConfiguration section */
		D47184B82EA82DF500C8023D /* Debug */ = {
			isa = XCBuildConfiguration;
			buildSettings = {
				ALWAYS_SEARCH_USER_PATHS = NO;
				ASSETCATALOG_COMPILER_GENERATE_SWIFT_ASSET_SYMBOL_EXTENSIONS = YES;
				CLANG_ANALYZER_NONNULL = YES;
				CLANG_ANALYZER_NUMBER_OBJECT_CONVERSION = YES_AGGRESSIVE;
				CLANG_CXX_LANGUAGE_STANDARD = "gnu++20";
				CLANG_ENABLE_MODULES = YES;
				CLANG_ENABLE_OBJC_ARC = YES;
				CLANG_ENABLE_OBJC_WEAK = YES;
				CLANG_WARN_BLOCK_CAPTURE_AUTORELEASING = YES;
				CLANG_WARN_BOOL_CONVERSION = YES;
				CLANG_WARN_COMMA = YES;
				CLANG_WARN_CONSTANT_CONVERSION = YES;
				CLANG_WARN_DEPRECATED_OBJC_IMPLEMENTATIONS = YES;
				CLANG_WARN_DIRECT_OBJC_ISA_USAGE = YES_ERROR;
				CLANG_WARN_DOCUMENTATION_COMMENTS = YES;
				CLANG_WARN_EMPTY_BODY = YES;
				CLANG_WARN_ENUM_CONVERSION = YES;
				CLANG_WARN_INFINITE_RECURSION = YES;
				CLANG_WARN_INT_CONVERSION = YES;
				CLANG_WARN_NON_LITERAL_NULL_CONVERSION = YES;
				CLANG_WARN_OBJC_IMPLICIT_RETAIN_SELF = YES;
				CLANG_WARN_OBJC_LITERAL_CONVERSION = YES;
				CLANG_WARN_OBJC_ROOT_CLASS = YES_ERROR;
				CLANG_WARN_QUOTED_INCLUDE_IN_FRAMEWORK_HEADER = YES;
				CLANG_WARN_RANGE_LOOP_ANALYSIS = YES;
				CLANG_WARN_STRICT_PROTOTYPES = YES;
				CLANG_WARN_SUSPICIOUS_MOVE = YES;
				CLANG_WARN_UNGUARDED_AVAILABILITY = YES_AGGRESSIVE;
				CLANG_WARN_UNREACHABLE_CODE = YES;
				CLANG_WARN__DUPLICATE_METHOD_MATCH = YES;
				COPY_PHASE_STRIP = NO;
				DEBUG_INFORMATION_FORMAT = dwarf;
				DEVELOPMENT_TEAM = 32XH6FWRHQ;
				ENABLE_STRICT_OBJC_MSGSEND = YES;
				ENABLE_TESTABILITY = YES;
				ENABLE_USER_SCRIPT_SANDBOXING = YES;
				GCC_C_LANGUAGE_STANDARD = gnu17;
				GCC_DYNAMIC_NO_PIC = NO;
				GCC_NO_COMMON_BLOCKS = YES;
				GCC_OPTIMIZATION_LEVEL = 0;
				GCC_PREPROCESSOR_DEFINITIONS = (
					"DEBUG=1",
					"$(inherited)",
				);
				GCC_WARN_64_TO_32_BIT_CONVERSION = YES;
				GCC_WARN_ABOUT_RETURN_TYPE = YES_ERROR;
				GCC_WARN_UNDECLARED_SELECTOR = YES;
				GCC_WARN_UNINITIALIZED_AUTOS = YES_AGGRESSIVE;
				GCC_WARN_UNUSED_FUNCTION = YES;
				GCC_WARN_UNUSED_VARIABLE = YES;
				IPHONEOS_DEPLOYMENT_TARGET = 18.5;
				LOCALIZATION_PREFERS_STRING_CATALOGS = YES;
				MTL_ENABLE_DEBUG_INFO = INCLUDE_SOURCE;
				MTL_FAST_MATH = YES;
				ONLY_ACTIVE_ARCH = YES;
				SDKROOT = iphoneos;
				SWIFT_ACTIVE_COMPILATION_CONDITIONS = "DEBUG $(inherited)";
				SWIFT_OPTIMIZATION_LEVEL = "-Onone";
			};
			name = Debug;
		};
		D47184B92EA82DF500C8023D /* Release */ = {
			isa = XCBuildConfiguration;
			buildSettings = {
				ALWAYS_SEARCH_USER_PATHS = NO;
				ASSETCATALOG_COMPILER_GENERATE_SWIFT_ASSET_SYMBOL_EXTENSIONS = YES;
				CLANG_ANALYZER_NONNULL = YES;
				CLANG_ANALYZER_NUMBER_OBJECT_CONVERSION = YES_AGGRESSIVE;
				CLANG_CXX_LANGUAGE_STANDARD = "gnu++20";
				CLANG_ENABLE_MODULES = YES;
				CLANG_ENABLE_OBJC_ARC = YES;
				CLANG_ENABLE_OBJC_WEAK = YES;
				CLANG_WARN_BLOCK_CAPTURE_AUTORELEASING = YES;
				CLANG_WARN_BOOL_CONVERSION = YES;
				CLANG_WARN_COMMA = YES;
				CLANG_WARN_CONSTANT_CONVERSION = YES;
				CLANG_WARN_DEPRECATED_OBJC_IMPLEMENTATIONS = YES;
				CLANG_WARN_DIRECT_OBJC_ISA_USAGE = YES_ERROR;
				CLANG_WARN_DOCUMENTATION_COMMENTS = YES;
				CLANG_WARN_EMPTY_BODY = YES;
				CLANG_WARN_ENUM_CONVERSION = YES;
				CLANG_WARN_INFINITE_RECURSION = YES;
				CLANG_WARN_INT_CONVERSION = YES;
				CLANG_WARN_NON_LITERAL_NULL_CONVERSION = YES;
				CLANG_WARN_OBJC_IMPLICIT_RETAIN_SELF = YES;
				CLANG_WARN_OBJC_LITERAL_CONVERSION = YES;
				CLANG_WARN_OBJC_ROOT_CLASS = YES_ERROR;
				CLANG_WARN_QUOTED_INCLUDE_IN_FRAMEWORK_HEADER = YES;
				CLANG_WARN_RANGE_LOOP_ANALYSIS = YES;
				CLANG_WARN_STRICT_PROTOTYPES = YES;
				CLANG_WARN_SUSPICIOUS_MOVE = YES;
				CLANG_WARN_UNGUARDED_AVAILABILITY = YES_AGGRESSIVE;
				CLANG_WARN_UNREACHABLE_CODE = YES;
				CLANG_WARN__DUPLICATE_METHOD_MATCH = YES;
				COPY_PHASE_STRIP = NO;
				DEBUG_INFORMATION_FORMAT = "dwarf-with-dsym";
				DEVELOPMENT_TEAM = 32XH6FWRHQ;
				ENABLE_NS_ASSERTIONS = NO;
				ENABLE_STRICT_OBJC_MSGSEND = YES;
				ENABLE_USER_SCRIPT_SANDBOXING = YES;
				GCC_C_LANGUAGE_STANDARD = gnu17;
				GCC_NO_COMMON_BLOCKS = YES;
				GCC_WARN_64_TO_32_BIT_CONVERSION = YES;
				GCC_WARN_ABOUT_RETURN_TYPE = YES_ERROR;
				GCC_WARN_UNDECLARED_SELECTOR = YES;
				GCC_WARN_UNINITIALIZED_AUTOS = YES_AGGRESSIVE;
				GCC_WARN_UNUSED_FUNCTION = YES;
				GCC_WARN_UNUSED_VARIABLE = YES;
				IPHONEOS_DEPLOYMENT_TARGET = 18.5;
				LOCALIZATION_PREFERS_STRING_CATALOGS = YES;
				MTL_ENABLE_DEBUG_INFO = NO;
				MTL_FAST_MATH = YES;
				SDKROOT = iphoneos;
				SWIFT_COMPILATION_MODE = wholemodule;
				VALIDATE_PRODUCT = YES;
			};
			name = Release;
		};
		D47184BB2EA82DF500C8023D /* Debug */ = {
			isa = XCBuildConfiguration;
			buildSettings = {
				ASSETCATALOG_COMPILER_APPICON_NAME = AppIcon;
				ASSETCATALOG_COMPILER_GLOBAL_ACCENT_COLOR_NAME = AccentColor;
				CODE_SIGN_STYLE = Automatic;
				CURRENT_PROJECT_VERSION = 1;
				DEVELOPMENT_TEAM = 32XH6FWRHQ;
				ENABLE_PREVIEWS = YES;
				GENERATE_INFOPLIST_FILE = YES;
				INFOPLIST_KEY_UIApplicationSceneManifest_Generation = YES;
				INFOPLIST_KEY_UIApplicationSupportsIndirectInputEvents = YES;
				INFOPLIST_KEY_UILaunchScreen_Generation = YES;
				INFOPLIST_KEY_UISupportedInterfaceOrientations_iPad = "UIInterfaceOrientationPortrait UIInterfaceOrientationPortraitUpsideDown UIInterfaceOrientationLandscapeLeft UIInterfaceOrientationLandscapeRight";
				INFOPLIST_KEY_UISupportedInterfaceOrientations_iPhone = "UIInterfaceOrientationPortrait UIInterfaceOrientationLandscapeLeft UIInterfaceOrientationLandscapeRight";
				LD_RUNPATH_SEARCH_PATHS = (
					"$(inherited)",
					"@executable_path/Frameworks",
				);
				MARKETING_VERSION = 1.0;
				PRODUCT_BUNDLE_IDENTIFIER = "com.CIS-137.Midterm-JoshuaHolmberg";
				PRODUCT_NAME = "$(TARGET_NAME)";
				SWIFT_EMIT_LOC_STRINGS = YES;
				SWIFT_VERSION = 5.0;
				TARGETED_DEVICE_FAMILY = "1,2";
			};
			name = Debug;
		};
		D47184BC2EA82DF500C8023D /* Release */ = {
			isa = XCBuildConfiguration;
			buildSettings = {
				ASSETCATALOG_COMPILER_APPICON_NAME = AppIcon;
				ASSETCATALOG_COMPILER_GLOBAL_ACCENT_COLOR_NAME = AccentColor;
				CODE_SIGN_STYLE = Automatic;
				CURRENT_PROJECT_VERSION = 1;
				DEVELOPMENT_TEAM = 32XH6FWRHQ;
				ENABLE_PREVIEWS = YES;
				GENERATE_INFOPLIST_FILE = YES;
				INFOPLIST_KEY_UIApplicationSceneManifest_Generation = YES;
				INFOPLIST_KEY_UIApplicationSupportsIndirectInputEvents = YES;
				INFOPLIST_KEY_UILaunchScreen_Generation = YES;
				INFOPLIST_KEY_UISupportedInterfaceOrientations_iPad = "UIInterfaceOrientationPortrait UIInterfaceOrientationPortraitUpsideDown UIInterfaceOrientationLandscapeLeft UIInterfaceOrientationLandscapeRight";
				INFOPLIST_KEY_UISupportedInterfaceOrientations_iPhone = "UIInterfaceOrientationPortrait UIInterfaceOrientationLandscapeLeft UIInterfaceOrientationLandscapeRight";
				LD_RUNPATH_SEARCH_PATHS = (
					"$(inherited)",
					"@executable_path/Frameworks",
				);
				MARKETING_VERSION = 1.0;
				PRODUCT_BUNDLE_IDENTIFIER = "com.CIS-137.Midterm-JoshuaHolmberg";
				PRODUCT_NAME = "$(TARGET_NAME)";
				SWIFT_EMIT_LOC_STRINGS = YES;
				SWIFT_VERSION = 5.0;
				TARGETED_DEVICE_FAMILY = "1,2";
			};
			name = Release;
		};
		D47184BE2EA82DF500C8023D /* Debug */ = {
			isa = XCBuildConfiguration;
			buildSettings = {
				BUNDLE_LOADER = "$(TEST_HOST)";
				CODE_SIGN_STYLE = Automatic;
				CURRENT_PROJECT_VERSION = 1;
				DEVELOPMENT_TEAM = 32XH6FWRHQ;
				GENERATE_INFOPLIST_FILE = YES;
				IPHONEOS_DEPLOYMENT_TARGET = 18.5;
				MARKETING_VERSION = 1.0;
				PRODUCT_BUNDLE_IDENTIFIER = "com.CIS-137.Midterm-JoshuaHolmbergTests";
				PRODUCT_NAME = "$(TARGET_NAME)";
				SWIFT_EMIT_LOC_STRINGS = NO;
				SWIFT_VERSION = 5.0;
				TARGETED_DEVICE_FAMILY = "1,2";
				TEST_HOST = "$(BUILT_PRODUCTS_DIR)/Midterm_JoshuaHolmberg.app/$(BUNDLE_EXECUTABLE_FOLDER_PATH)/Midterm_JoshuaHolmberg";
			};
			name = Debug;
		};
		D47184BF2EA82DF500C8023D /* Release */ = {
			isa = XCBuildConfiguration;
			buildSettings = {
				BUNDLE_LOADER = "$(TEST_HOST)";
				CODE_SIGN_STYLE = Automatic;
				CURRENT_PROJECT_VERSION = 1;
				DEVELOPMENT_TEAM = 32XH6FWRHQ;
				GENERATE_INFOPLIST_FILE = YES;
				IPHONEOS_DEPLOYMENT_TARGET = 18.5;
				MARKETING_VERSION = 1.0;
				PRODUCT_BUNDLE_IDENTIFIER = "com.CIS-137.Midterm-JoshuaHolmbergTests";
				PRODUCT_NAME = "$(TARGET_NAME)";
				SWIFT_EMIT_LOC_STRINGS = NO;
				SWIFT_VERSION = 5.0;
				TARGETED_DEVICE_FAMILY = "1,2";
				TEST_HOST = "$(BUILT_PRODUCTS_DIR)/Midterm_JoshuaHolmberg.app/$(BUNDLE_EXECUTABLE_FOLDER_PATH)/Midterm_JoshuaHolmberg";
			};
			name = Release;
		};
		D47184C12EA82DF500C8023D /* Debug */ = {
			isa = XCBuildConfiguration;
			buildSettings = {
				CODE_SIGN_STYLE = Automatic;
				CURRENT_PROJECT_VERSION = 1;
				DEVELOPMENT_TEAM = 32XH6FWRHQ;
				GENERATE_INFOPLIST_FILE = YES;
				MARKETING_VERSION = 1.0;
				PRODUCT_BUNDLE_IDENTIFIER = "com.CIS-137.Midterm-JoshuaHolmbergUITests";
				PRODUCT_NAME = "$(TARGET_NAME)";
				SWIFT_EMIT_LOC_STRINGS = NO;
				SWIFT_VERSION = 5.0;
				TARGETED_DEVICE_FAMILY = "1,2";
				TEST_TARGET_NAME = Midterm_JoshuaHolmberg;
			};
			name = Debug;
		};
		D47184C22EA82DF500C8023D /* Release */ = {
			isa = XCBuildConfiguration;
			buildSettings = {
				CODE_SIGN_STYLE = Automatic;
				CURRENT_PROJECT_VERSION = 1;
				DEVELOPMENT_TEAM = 32XH6FWRHQ;
				GENERATE_INFOPLIST_FILE = YES;
				MARKETING_VERSION = 1.0;
				PRODUCT_BUNDLE_IDENTIFIER = "com.CIS-137.Midterm-JoshuaHolmbergUITests";
				PRODUCT_NAME = "$(TARGET_NAME)";
				SWIFT_EMIT_LOC_STRINGS = NO;
				SWIFT_VERSION = 5.0;
				TARGETED_DEVICE_FAMILY = "1,2";
				TEST_TARGET_NAME = Midterm_JoshuaHolmberg;
			};
			name = Release;
		};
/* End XCBuildConfiguration section */

/* Begin XCConfigurationList section */
		D47184942EA82DF400C8023D /* Build configuration list for PBXProject "Midterm_JoshuaHolmberg" */ = {
			isa = XCConfigurationList;
			buildConfigurations = (
				D47184B82EA82DF500C8023D /* Debug */,
				D47184B92EA82DF500C8023D /* Release */,
			);
			defaultConfigurationIsVisible = 0;
			defaultConfigurationName = Release;
		};
		D47184BA2EA82DF500C8023D /* Build configuration list for PBXNativeTarget "Midterm_JoshuaHolmberg" */ = {
			isa = XCConfigurationList;
			buildConfigurations = (
				D47184BB2EA82DF500C8023D /* Debug */,
				D47184BC2EA82DF500C8023D /* Release */,
			);
			defaultConfigurationIsVisible = 0;
			defaultConfigurationName = Release;
		};
		D47184BD2EA82DF500C8023D /* Build configuration list for PBXNativeTarget "Midterm_JoshuaHolmbergTests" */ = {
			isa = XCConfigurationList;
			buildConfigurations = (
				D47184BE2EA82DF500C8023D /* Debug */,
				D47184BF2EA82DF500C8023D /* Release */,
			);
			defaultConfigurationIsVisible = 0;
			defaultConfigurationName = Release;
		};
		D47184C02EA82DF500C8023D /* Build configuration list for PBXNativeTarget "Midterm_JoshuaHolmbergUITests" */ = {
			isa = XCConfigurationList;
			buildConfigurations = (
				D47184C12EA82DF500C8023D /* Debug */,
				D47184C22EA82DF500C8023D /* Release */,
			);
			defaultConfigurationIsVisible = 0;
			defaultConfigurationName = Release;
		};
/* End XCConfigurationList section */
	};
	rootObject = D47184912EA82DF400C8023D /* Project object */;
}
